# @generated by Move, please check-in and do not edit manually.

[move]
version = 2
manifest_digest = "732F3F57F8A71B270C3A671BC9FCC2FB5F9C8BACF321CA0709EA6CE3EABD11B9"
deps_digest = "F8BBB0CCB2491CA29A3DF03D6F92277A4F3574266507ACD77214D37ECA3F3082"
dependencies = [
  { name = "Sui" },
]

[[move.package]]
name = "MoveStdlib"
source = { git = "https://github.com/MystenLabs/sui.git", rev = "framework/devnet", subdir = "crates/sui-framework/packages/move-stdlib" }

[[move.package]]
name = "Sui"
source = { git = "https://github.com/MystenLabs/sui.git", rev = "framework/devnet", subdir = "crates/sui-framework/packages/sui-framework" }

dependencies = [
  { name = "MoveStdlib" },
]

[move.toolchain-version]
compiler-version = "1.32.3"
edition = "2024.beta"
flavor = "sui"

[env]

[env.testnet]
chain-id = "4c78adac"
original-published-id = "0x112aa41b82751530f76da75083ce420a137b41b772fe72917eb8266cf09cbb75"
latest-published-id = "0x112aa41b82751530f76da75083ce420a137b41b772fe72917eb8266cf09cbb75"
published-version = "1"

[env.devnet]
chain-id = "814c79df"
original-published-id = "0x566808ef00c29aa810a1d8264c38f3cc9b7175d1f09c2f2bddc664825c12c4c5"
latest-published-id = "0x566808ef00c29aa810a1d8264c38f3cc9b7175d1f09c2f2bddc664825c12c4c5"
published-version = "1"
